Microsoft Visual Studio Solution File, Format Version 11.00
# Visual Studio 2008

Project("{5E475659-CA7F-0CF9-00B5-7F34255040D3}") = "TheSuperDuperGame", "Assembly-CSharp.csproj", "{49592926-1C09-19C1-9A09-90F1ABDF74B5}"
EndProject
Global
	GlobalSection(SolutionConfigurationPlatforms) = preSolution
		Debug|Any CPU = Debug|Any CPU
		Release|Any CPU = Release|Any CPU
	EndGlobalSection
	GlobalSection(ProjectConfigurationPlatforms) = postSolution
		{49592926-1C09-19C1-9A09-90F1ABDF74B5}.Debug|Any CPU.ActiveCfg = Debug|Any CPU
		{49592926-1C09-19C1-9A09-90F1ABDF74B5}.Debug|Any CPU.Build.0 = Debug|Any CPU
		{49592926-1C09-19C1-9A09-90F1ABDF74B5}.Release|Any CPU.ActiveCfg = Release|Any CPU
		{49592926-1C09-19C1-9A09-90F1ABDF74B5}.Release|Any CPU.Build.0 = Release|Any CPU
	EndGlobalSection
	GlobalSection(SolutionProperties) = preSolution
		HideSolutionNode = FALSE
	EndGlobalSection
	GlobalSection(MonoDevelopProperties) = preSolution
		StartupItem = Assembly-CSharp.csproj
	EndGlobalSection
EndGlobal
